
Microsoft Visual Studio Solution File, Format Version 12.00
# Visual Studio Version 16
VisualStudioVersion = 16.0.30011.22
MinimumVisualStudioVersion = 10.0.40219.1
Project("{FAE04EC0-301F-11D3-BF4B-00C04F79EFBC}") = "MidternTest", "MidternTest.csproj", "{72196A1D-E63D-40F1-9412-BC197453B591}"
EndProject
Global
	GlobalSection(SolutionConfigurationPlatforms) = preSolution
		Debug|Any CPU = Debug|Any CPU
		Release|Any CPU = Release|Any CPU
	EndGlobalSection
	GlobalSection(ProjectConfigurationPlatforms) = postSolution
		{72196A1D-E63D-40F1-9412-BC197453B591}.Debug|Any CPU.ActiveCfg = Debug|Any CPU
		{72196A1D-E63D-40F1-9412-BC197453B591}.Debug|Any CPU.Build.0 = Debug|Any CPU
		{72196A1D-E63D-40F1-9412-BC197453B591}.Release|Any CPU.ActiveCfg = Release|Any CPU
		{72196A1D-E63D-40F1-9412-BC197453B591}.Release|Any CPU.Build.0 = Release|Any CPU
	EndGlobalSection
	GlobalSection(SolutionProperties) = preSolution
		HideSolutionNode = FALSE
	EndGlobalSection
	GlobalSection(ExtensibilityGlobals) = postSolution
		SolutionGuid = {5DE37D52-D864-40EE-9D57-99A4A9CED98A}
	EndGlobalSection
EndGlobal
