
Microsoft Visual Studio Solution File, Format Version 12.00
# Visual Studio Version 16
VisualStudioVersion = 16.0.30011.22
MinimumVisualStudioVersion = 10.0.40219.1
Project("{FAE04EC0-301F-11D3-BF4B-00C04F79EFBC}") = "WindowsFormsApp1", "WindowsFormsApp1\WindowsFormsApp1.csproj", "{20FFDB31-ACD8-4D07-B3B8-4B5EA130197A}"
EndProject
Project("{FAE04EC0-301F-11D3-BF4B-00C04F79EFBC}") = "Calculator", "Calculator\Calculator.csproj", "{D1F0E069-5565-4A92-865C-EF392A24F5F0}"
EndProject
Project("{FAE04EC0-301F-11D3-BF4B-00C04F79EFBC}") = "PTB2", "PTB2\PTB2.csproj", "{5FEBA2AD-4606-47F7-B6BF-8AE20C81A74B}"
EndProject
Project("{FAE04EC0-301F-11D3-BF4B-00C04F79EFBC}") = "Message", "Message\Message.csproj", "{3295381F-F6E7-4697-B39C-79037F47FF36}"
EndProject
Project("{FAE04EC0-301F-11D3-BF4B-00C04F79EFBC}") = "MDI", "MDI\MDI.csproj", "{CE126EA8-79BA-4854-9D5A-1216ED7B3DDC}"
EndProject
Project("{FAE04EC0-301F-11D3-BF4B-00C04F79EFBC}") = "QuanLySinhVien", "QuanLySinhVien\QuanLySinhVien.csproj", "{4945D024-F57B-4382-90D1-9F5E6B9CFB8F}"
EndProject
Project("{FAE04EC0-301F-11D3-BF4B-00C04F79EFBC}") = "QuanLyNhanVien", "QuanLyNhanVien\QuanLyNhanVien.csproj", "{3564167D-7001-4023-8138-1A8B08F2DA30}"
EndProject
Global
	GlobalSection(SolutionConfigurationPlatforms) = preSolution
		Debug|Any CPU = Debug|Any CPU
		Release|Any CPU = Release|Any CPU
	EndGlobalSection
	GlobalSection(ProjectConfigurationPlatforms) = postSolution
		{20FFDB31-ACD8-4D07-B3B8-4B5EA130197A}.Debug|Any CPU.ActiveCfg = Debug|Any CPU
		{20FFDB31-ACD8-4D07-B3B8-4B5EA130197A}.Debug|Any CPU.Build.0 = Debug|Any CPU
		{20FFDB31-ACD8-4D07-B3B8-4B5EA130197A}.Release|Any CPU.ActiveCfg = Release|Any CPU
		{20FFDB31-ACD8-4D07-B3B8-4B5EA130197A}.Release|Any CPU.Build.0 = Release|Any CPU
		{D1F0E069-5565-4A92-865C-EF392A24F5F0}.Debug|Any CPU.ActiveCfg = Debug|Any CPU
		{D1F0E069-5565-4A92-865C-EF392A24F5F0}.Debug|Any CPU.Build.0 = Debug|Any CPU
		{D1F0E069-5565-4A92-865C-EF392A24F5F0}.Release|Any CPU.ActiveCfg = Release|Any CPU
		{D1F0E069-5565-4A92-865C-EF392A24F5F0}.Release|Any CPU.Build.0 = Release|Any CPU
		{5FEBA2AD-4606-47F7-B6BF-8AE20C81A74B}.Debug|Any CPU.ActiveCfg = Debug|Any CPU
		{5FEBA2AD-4606-47F7-B6BF-8AE20C81A74B}.Debug|Any CPU.Build.0 = Debug|Any CPU
		{5FEBA2AD-4606-47F7-B6BF-8AE20C81A74B}.Release|Any CPU.ActiveCfg = Release|Any CPU
		{5FEBA2AD-4606-47F7-B6BF-8AE20C81A74B}.Release|Any CPU.Build.0 = Release|Any CPU
		{3295381F-F6E7-4697-B39C-79037F47FF36}.Debug|Any CPU.ActiveCfg = Debug|Any CPU
		{3295381F-F6E7-4697-B39C-79037F47FF36}.Debug|Any CPU.Build.0 = Debug|Any CPU
		{3295381F-F6E7-4697-B39C-79037F47FF36}.Release|Any CPU.ActiveCfg = Release|Any CPU
		{3295381F-F6E7-4697-B39C-79037F47FF36}.Release|Any CPU.Build.0 = Release|Any CPU
		{CE126EA8-79BA-4854-9D5A-1216ED7B3DDC}.Debug|Any CPU.ActiveCfg = Debug|Any CPU
		{CE126EA8-79BA-4854-9D5A-1216ED7B3DDC}.Debug|Any CPU.Build.0 = Debug|Any CPU
		{CE126EA8-79BA-4854-9D5A-1216ED7B3DDC}.Release|Any CPU.ActiveCfg = Release|Any CPU
		{CE126EA8-79BA-4854-9D5A-1216ED7B3DDC}.Release|Any CPU.Build.0 = Release|Any CPU
		{4945D024-F57B-4382-90D1-9F5E6B9CFB8F}.Debug|Any CPU.ActiveCfg = Debug|Any CPU
		{4945D024-F57B-4382-90D1-9F5E6B9CFB8F}.Debug|Any CPU.Build.0 = Debug|Any CPU
		{4945D024-F57B-4382-90D1-9F5E6B9CFB8F}.Release|Any CPU.ActiveCfg = Release|Any CPU
		{4945D024-F57B-4382-90D1-9F5E6B9CFB8F}.Release|Any CPU.Build.0 = Release|Any CPU
		{3564167D-7001-4023-8138-1A8B08F2DA30}.Debug|Any CPU.ActiveCfg = Debug|Any CPU
		{3564167D-7001-4023-8138-1A8B08F2DA30}.Debug|Any CPU.Build.0 = Debug|Any CPU
		{3564167D-7001-4023-8138-1A8B08F2DA30}.Release|Any CPU.ActiveCfg = Release|Any CPU
		{3564167D-7001-4023-8138-1A8B08F2DA30}.Release|Any CPU.Build.0 = Release|Any CPU
	EndGlobalSection
	GlobalSection(SolutionProperties) = preSolution
		HideSolutionNode = FALSE
	EndGlobalSection
	GlobalSection(ExtensibilityGlobals) = postSolution
		SolutionGuid = {250B0881-DA66-4122-86B9-90B93EB31597}
	EndGlobalSection
EndGlobal
