
Microsoft Visual Studio Solution File, Format Version 12.00
# Visual Studio 15
VisualStudioVersion = 15.0.28307.1062
MinimumVisualStudioVersion = 10.0.40219.1
Project("{FAE04EC0-301F-11D3-BF4B-00C04F79EFBC}") = "Quan_ly_NV", "Quan_ly_NV\Quan_ly_NV.csproj", "{9553ACCC-A5A7-444C-9A85-0C87F746FB2D}"
EndProject
Global
	GlobalSection(SolutionConfigurationPlatforms) = preSolution
		Debug|Any CPU = Debug|Any CPU
		Release|Any CPU = Release|Any CPU
	EndGlobalSection
	GlobalSection(ProjectConfigurationPlatforms) = postSolution
		{9553ACCC-A5A7-444C-9A85-0C87F746FB2D}.Debug|Any CPU.ActiveCfg = Debug|Any CPU
		{9553ACCC-A5A7-444C-9A85-0C87F746FB2D}.Debug|Any CPU.Build.0 = Debug|Any CPU
		{9553ACCC-A5A7-444C-9A85-0C87F746FB2D}.Release|Any CPU.ActiveCfg = Release|Any CPU
		{9553ACCC-A5A7-444C-9A85-0C87F746FB2D}.Release|Any CPU.Build.0 = Release|Any CPU
	EndGlobalSection
	GlobalSection(SolutionProperties) = preSolution
		HideSolutionNode = FALSE
	EndGlobalSection
	GlobalSection(ExtensibilityGlobals) = postSolution
		SolutionGuid = {316DF44D-30A7-419E-9A4B-8CD287F7557E}
	EndGlobalSection
EndGlobal
